
Microsoft Visual Studio Solution File, Format Version 12.00
# Visual Studio Version 17
VisualStudioVersion = 17.11.35327.3
MinimumVisualStudioVersion = 10.0.40219.1
Project("{FAE04EC0-301F-11D3-BF4B-00C04F79EFBC}") = "Cadastro de Produtos", "Cadastro de Produtos\Cadastro de Produtos.csproj", "{88AFEAE8-5314-4A86-B2B1-B00EBC8E18A8}"
EndProject
Global
	GlobalSection(SolutionConfigurationPlatforms) = preSolution
		Debug|Any CPU = Debug|Any CPU
		Release|Any CPU = Release|Any CPU
	EndGlobalSection
	GlobalSection(ProjectConfigurationPlatforms) = postSolution
		{88AFEAE8-5314-4A86-B2B1-B00EBC8E18A8}.Debug|Any CPU.ActiveCfg = Debug|Any CPU
		{88AFEAE8-5314-4A86-B2B1-B00EBC8E18A8}.Debug|Any CPU.Build.0 = Debug|Any CPU
		{88AFEAE8-5314-4A86-B2B1-B00EBC8E18A8}.Release|Any CPU.ActiveCfg = Release|Any CPU
		{88AFEAE8-5314-4A86-B2B1-B00EBC8E18A8}.Release|Any CPU.Build.0 = Release|Any CPU
	EndGlobalSection
	GlobalSection(SolutionProperties) = preSolution
		HideSolutionNode = FALSE
	EndGlobalSection
	GlobalSection(ExtensibilityGlobals) = postSolution
		SolutionGuid = {F7307198-41CD-4F7C-8BAF-DF4C96B7BBC3}
	EndGlobalSection
EndGlobal
